
Microsoft Visual Studio Solution File, Format Version 12.00
# Visual Studio 15
VisualStudioVersion = 15.0.26730.15
MinimumVisualStudioVersion = 10.0.40219.1
Project("{FAE04EC0-301F-11D3-BF4B-00C04F79EFBC}") = "MyPhotos", "MyPhotos\MyPhotos.csproj", "{60CA43D1-1C2F-4222-882C-439E4B7B8C62}"
EndProject
Project("{FAE04EC0-301F-11D3-BF4B-00C04F79EFBC}") = "MyPhotoAlbum", "MyPhotoAlbum\MyPhotoAlbum.csproj", "{72D0F92D-B737-48D8-9D1B-FC8D979D12A8}"
EndProject
Project("{FAE04EC0-301F-11D3-BF4B-00C04F79EFBC}") = "MyPhotoControls", "MyPhotoControls\MyPhotoControls.csproj", "{E9184ADE-7B0B-45EF-B300-BF0793638054}"
EndProject
Global
	GlobalSection(SolutionConfigurationPlatforms) = preSolution
		Debug|Any CPU = Debug|Any CPU
		Release|Any CPU = Release|Any CPU
	EndGlobalSection
	GlobalSection(ProjectConfigurationPlatforms) = postSolution
		{60CA43D1-1C2F-4222-882C-439E4B7B8C62}.Debug|Any CPU.ActiveCfg = Debug|Any CPU
		{60CA43D1-1C2F-4222-882C-439E4B7B8C62}.Debug|Any CPU.Build.0 = Debug|Any CPU
		{60CA43D1-1C2F-4222-882C-439E4B7B8C62}.Release|Any CPU.ActiveCfg = Release|Any CPU
		{60CA43D1-1C2F-4222-882C-439E4B7B8C62}.Release|Any CPU.Build.0 = Release|Any CPU
		{72D0F92D-B737-48D8-9D1B-FC8D979D12A8}.Debug|Any CPU.ActiveCfg = Debug|Any CPU
		{72D0F92D-B737-48D8-9D1B-FC8D979D12A8}.Debug|Any CPU.Build.0 = Debug|Any CPU
		{72D0F92D-B737-48D8-9D1B-FC8D979D12A8}.Release|Any CPU.ActiveCfg = Release|Any CPU
		{72D0F92D-B737-48D8-9D1B-FC8D979D12A8}.Release|Any CPU.Build.0 = Release|Any CPU
		{E9184ADE-7B0B-45EF-B300-BF0793638054}.Debug|Any CPU.ActiveCfg = Debug|Any CPU
		{E9184ADE-7B0B-45EF-B300-BF0793638054}.Debug|Any CPU.Build.0 = Debug|Any CPU
		{E9184ADE-7B0B-45EF-B300-BF0793638054}.Release|Any CPU.ActiveCfg = Release|Any CPU
		{E9184ADE-7B0B-45EF-B300-BF0793638054}.Release|Any CPU.Build.0 = Release|Any CPU
	EndGlobalSection
	GlobalSection(SolutionProperties) = preSolution
		HideSolutionNode = FALSE
	EndGlobalSection
	GlobalSection(ExtensibilityGlobals) = postSolution
		SolutionGuid = {30A69A87-03B9-4E22-886A-A374766B0B4B}
	EndGlobalSection
EndGlobal
